
Microsoft Visual Studio Solution File, Format Version 12.00
# Visual Studio Version 17
VisualStudioVersion = 17.0.31903.59
MinimumVisualStudioVersion = 10.0.40219.1
Project("{FAE04EC0-301F-11D3-BF4B-00C04F79EFBC}") = "CagnotteSolidaire.Domain", "CagnotteSolidaire.Domain\CagnotteSolidaire.Domain.csproj", "{E6352C37-654F-48D1-8140-4575309A124F}"
EndProject
Project("{FAE04EC0-301F-11D3-BF4B-00C04F79EFBC}") = "CagnotteSolidaire.Application", "CagnotteSolidaire.Application\CagnotteSolidaire.Application.csproj", "{429D24A9-390B-453D-8CFD-0C74DAF5524B}"
EndProject
Project("{FAE04EC0-301F-11D3-BF4B-00C04F79EFBC}") = "CagnotteSolidaire.Infrastructure", "CagnotteSolidaire.Infrastructure\CagnotteSolidaire.Infrastructure.csproj", "{A81802B2-5CC6-4841-B4EC-DD8E460A1FA1}"
EndProject
Project("{FAE04EC0-301F-11D3-BF4B-00C04F79EFBC}") = "CagnotteSolidaire.API", "CagnotteSolidaire.API\CagnotteSolidaire.API.csproj", "{E8EB36D5-D36E-4D24-B876-3C7C0243182E}"
EndProject
Project("{FAE04EC0-301F-11D3-BF4B-00C04F79EFBC}") = "CagnotteSolidaire.Blazor", "CagnotteSolidaire.Blazor\CagnotteSolidaire.Blazor.csproj", "{80D46FA2-4771-46BF-AAFD-13B5759C50EE}"
EndProject
Project("{FAE04EC0-301F-11D3-BF4B-00C04F79EFBC}") = "CagnotteSolidaire.Tests", "CagnotteSolidaire.Tests\CagnotteSolidaire.Tests.csproj", "{90F2AFB2-A595-4A76-8CCB-196F330F5DEF}"
EndProject
Global
	GlobalSection(SolutionConfigurationPlatforms) = preSolution
		Debug|Any CPU = Debug|Any CPU
		Debug|x64 = Debug|x64
		Debug|x86 = Debug|x86
		Release|Any CPU = Release|Any CPU
		Release|x64 = Release|x64
		Release|x86 = Release|x86
	EndGlobalSection
	GlobalSection(ProjectConfigurationPlatforms) = postSolution
		{E6352C37-654F-48D1-8140-4575309A124F}.Debug|Any CPU.ActiveCfg = Debug|Any CPU
		{E6352C37-654F-48D1-8140-4575309A124F}.Debug|Any CPU.Build.0 = Debug|Any CPU
		{E6352C37-654F-48D1-8140-4575309A124F}.Debug|x64.ActiveCfg = Debug|Any CPU
		{E6352C37-654F-48D1-8140-4575309A124F}.Debug|x64.Build.0 = Debug|Any CPU
		{E6352C37-654F-48D1-8140-4575309A124F}.Debug|x86.ActiveCfg = Debug|Any CPU
		{E6352C37-654F-48D1-8140-4575309A124F}.Debug|x86.Build.0 = Debug|Any CPU
		{E6352C37-654F-48D1-8140-4575309A124F}.Release|Any CPU.ActiveCfg = Release|Any CPU
		{E6352C37-654F-48D1-8140-4575309A124F}.Release|Any CPU.Build.0 = Release|Any CPU
		{E6352C37-654F-48D1-8140-4575309A124F}.Release|x64.ActiveCfg = Release|Any CPU
		{E6352C37-654F-48D1-8140-4575309A124F}.Release|x64.Build.0 = Release|Any CPU
		{E6352C37-654F-48D1-8140-4575309A124F}.Release|x86.ActiveCfg = Release|Any CPU
		{E6352C37-654F-48D1-8140-4575309A124F}.Release|x86.Build.0 = Release|Any CPU
		{429D24A9-390B-453D-8CFD-0C74DAF5524B}.Debug|Any CPU.ActiveCfg = Debug|Any CPU
		{429D24A9-390B-453D-8CFD-0C74DAF5524B}.Debug|Any CPU.Build.0 = Debug|Any CPU
		{429D24A9-390B-453D-8CFD-0C74DAF5524B}.Debug|x64.ActiveCfg = Debug|Any CPU
		{429D24A9-390B-453D-8CFD-0C74DAF5524B}.Debug|x64.Build.0 = Debug|Any CPU
		{429D24A9-390B-453D-8CFD-0C74DAF5524B}.Debug|x86.ActiveCfg = Debug|Any CPU
		{429D24A9-390B-453D-8CFD-0C74DAF5524B}.Debug|x86.Build.0 = Debug|Any CPU
		{429D24A9-390B-453D-8CFD-0C74DAF5524B}.Release|Any CPU.ActiveCfg = Release|Any CPU
		{429D24A9-390B-453D-8CFD-0C74DAF5524B}.Release|Any CPU.Build.0 = Release|Any CPU
		{429D24A9-390B-453D-8CFD-0C74DAF5524B}.Release|x64.ActiveCfg = Release|Any CPU
		{429D24A9-390B-453D-8CFD-0C74DAF5524B}.Release|x64.Build.0 = Release|Any CPU
		{429D24A9-390B-453D-8CFD-0C74DAF5524B}.Release|x86.ActiveCfg = Release|Any CPU
		{429D24A9-390B-453D-8CFD-0C74DAF5524B}.Release|x86.Build.0 = Release|Any CPU
		{A81802B2-5CC6-4841-B4EC-DD8E460A1FA1}.Debug|Any CPU.ActiveCfg = Debug|Any CPU
		{A81802B2-5CC6-4841-B4EC-DD8E460A1FA1}.Debug|Any CPU.Build.0 = Debug|Any CPU
		{A81802B2-5CC6-4841-B4EC-DD8E460A1FA1}.Debug|x64.ActiveCfg = Debug|Any CPU
		{A81802B2-5CC6-4841-B4EC-DD8E460A1FA1}.Debug|x64.Build.0 = Debug|Any CPU
		{A81802B2-5CC6-4841-B4EC-DD8E460A1FA1}.Debug|x86.ActiveCfg = Debug|Any CPU
		{A81802B2-5CC6-4841-B4EC-DD8E460A1FA1}.Debug|x86.Build.0 = Debug|Any CPU
		{A81802B2-5CC6-4841-B4EC-DD8E460A1FA1}.Release|Any CPU.ActiveCfg = Release|Any CPU
		{A81802B2-5CC6-4841-B4EC-DD8E460A1FA1}.Release|Any CPU.Build.0 = Release|Any CPU
		{A81802B2-5CC6-4841-B4EC-DD8E460A1FA1}.Release|x64.ActiveCfg = Release|Any CPU
		{A81802B2-5CC6-4841-B4EC-DD8E460A1FA1}.Release|x64.Build.0 = Release|Any CPU
		{A81802B2-5CC6-4841-B4EC-DD8E460A1FA1}.Release|x86.ActiveCfg = Release|Any CPU
		{A81802B2-5CC6-4841-B4EC-DD8E460A1FA1}.Release|x86.Build.0 = Release|Any CPU
		{E8EB36D5-D36E-4D24-B876-3C7C0243182E}.Debug|Any CPU.ActiveCfg = Debug|Any CPU
		{E8EB36D5-D36E-4D24-B876-3C7C0243182E}.Debug|Any CPU.Build.0 = Debug|Any CPU
		{E8EB36D5-D36E-4D24-B876-3C7C0243182E}.Debug|x64.ActiveCfg = Debug|Any CPU
		{E8EB36D5-D36E-4D24-B876-3C7C0243182E}.Debug|x64.Build.0 = Debug|Any CPU
		{E8EB36D5-D36E-4D24-B876-3C7C0243182E}.Debug|x86.ActiveCfg = Debug|Any CPU
		{E8EB36D5-D36E-4D24-B876-3C7C0243182E}.Debug|x86.Build.0 = Debug|Any CPU
		{E8EB36D5-D36E-4D24-B876-3C7C0243182E}.Release|Any CPU.ActiveCfg = Release|Any CPU
		{E8EB36D5-D36E-4D24-B876-3C7C0243182E}.Release|Any CPU.Build.0 = Release|Any CPU
		{E8EB36D5-D36E-4D24-B876-3C7C0243182E}.Release|x64.ActiveCfg = Release|Any CPU
		{E8EB36D5-D36E-4D24-B876-3C7C0243182E}.Release|x64.Build.0 = Release|Any CPU
		{E8EB36D5-D36E-4D24-B876-3C7C0243182E}.Release|x86.ActiveCfg = Release|Any CPU
		{E8EB36D5-D36E-4D24-B876-3C7C0243182E}.Release|x86.Build.0 = Release|Any CPU
		{80D46FA2-4771-46BF-AAFD-13B5759C50EE}.Debug|Any CPU.ActiveCfg = Debug|Any CPU
		{80D46FA2-4771-46BF-AAFD-13B5759C50EE}.Debug|Any CPU.Build.0 = Debug|Any CPU
		{80D46FA2-4771-46BF-AAFD-13B5759C50EE}.Debug|x64.ActiveCfg = Debug|Any CPU
		{80D46FA2-4771-46BF-AAFD-13B5759C50EE}.Debug|x64.Build.0 = Debug|Any CPU
		{80D46FA2-4771-46BF-AAFD-13B5759C50EE}.Debug|x86.ActiveCfg = Debug|Any CPU
		{80D46FA2-4771-46BF-AAFD-13B5759C50EE}.Debug|x86.Build.0 = Debug|Any CPU
		{80D46FA2-4771-46BF-AAFD-13B5759C50EE}.Release|Any CPU.ActiveCfg = Release|Any CPU
		{80D46FA2-4771-46BF-AAFD-13B5759C50EE}.Release|Any CPU.Build.0 = Release|Any CPU
		{80D46FA2-4771-46BF-AAFD-13B5759C50EE}.Release|x64.ActiveCfg = Release|Any CPU
		{80D46FA2-4771-46BF-AAFD-13B5759C50EE}.Release|x64.Build.0 = Release|Any CPU
		{80D46FA2-4771-46BF-AAFD-13B5759C50EE}.Release|x86.ActiveCfg = Release|Any CPU
		{80D46FA2-4771-46BF-AAFD-13B5759C50EE}.Release|x86.Build.0 = Release|Any CPU
		{90F2AFB2-A595-4A76-8CCB-196F330F5DEF}.Debug|Any CPU.ActiveCfg = Debug|Any CPU
		{90F2AFB2-A595-4A76-8CCB-196F330F5DEF}.Debug|Any CPU.Build.0 = Debug|Any CPU
		{90F2AFB2-A595-4A76-8CCB-196F330F5DEF}.Debug|x64.ActiveCfg = Debug|Any CPU
		{90F2AFB2-A595-4A76-8CCB-196F330F5DEF}.Debug|x64.Build.0 = Debug|Any CPU
		{90F2AFB2-A595-4A76-8CCB-196F330F5DEF}.Debug|x86.ActiveCfg = Debug|Any CPU
		{90F2AFB2-A595-4A76-8CCB-196F330F5DEF}.Debug|x86.Build.0 = Debug|Any CPU
		{90F2AFB2-A595-4A76-8CCB-196F330F5DEF}.Release|Any CPU.ActiveCfg = Release|Any CPU
		{90F2AFB2-A595-4A76-8CCB-196F330F5DEF}.Release|Any CPU.Build.0 = Release|Any CPU
		{90F2AFB2-A595-4A76-8CCB-196F330F5DEF}.Release|x64.ActiveCfg = Release|Any CPU
		{90F2AFB2-A595-4A76-8CCB-196F330F5DEF}.Release|x64.Build.0 = Release|Any CPU
		{90F2AFB2-A595-4A76-8CCB-196F330F5DEF}.Release|x86.ActiveCfg = Release|Any CPU
		{90F2AFB2-A595-4A76-8CCB-196F330F5DEF}.Release|x86.Build.0 = Release|Any CPU
	EndGlobalSection
	GlobalSection(SolutionProperties) = preSolution
		HideSolutionNode = FALSE
	EndGlobalSection
EndGlobal
